
Microsoft Visual Studio Solution File, Format Version 12.00
# Visual Studio Version 17
VisualStudioVersion = 17.5.002.0
MinimumVisualStudioVersion = 10.0.40219.1
Project("{9A19103F-16F7-4668-BE54-9A1E7A4F7556}") = "BlogApp", "BlogApp.csproj", "{57199AC2-781C-4789-88E6-C119D3C75040}"
EndProject
Global
	GlobalSection(SolutionConfigurationPlatforms) = preSolution
		Debug|Any CPU = Debug|Any CPU
		Release|Any CPU = Release|Any CPU
	EndGlobalSection
	GlobalSection(ProjectConfigurationPlatforms) = postSolution
		{57199AC2-781C-4789-88E6-C119D3C75040}.Debug|Any CPU.ActiveCfg = Debug|Any CPU
		{57199AC2-781C-4789-88E6-C119D3C75040}.Debug|Any CPU.Build.0 = Debug|Any CPU
		{57199AC2-781C-4789-88E6-C119D3C75040}.Release|Any CPU.ActiveCfg = Release|Any CPU
		{57199AC2-781C-4789-88E6-C119D3C75040}.Release|Any CPU.Build.0 = Release|Any CPU
	EndGlobalSection
	GlobalSection(SolutionProperties) = preSolution
		HideSolutionNode = FALSE
	EndGlobalSection
	GlobalSection(ExtensibilityGlobals) = postSolution
		SolutionGuid = {D509AED8-40F0-459D-804A-9934494286B1}
	EndGlobalSection
EndGlobal
